{
  "originHash" : "f38fb89ea0a31f674d902d68740d61c0c11fd200a88ba55c6315985b227cbbb0",
  "pins" : [
    {
      "identity" : "mermaidkit",
      "kind" : "remoteSourceControl",
      "location" : "https://github.com/2389-research/MermaidKit.git",
      "state" : {
        "revision" : "3688b4144d4fbc9004015bb7513811e4f50413fc",
        "version" : "1.1.0"
      }
    },
    {
      "identity" : "swift-cmark",
      "kind" : "remoteSourceControl",
      "location" : "https://github.com/swiftlang/swift-cmark.git",
      "state" : {
        "revision" : "924936d0427cb25a61169739a7660230bffa6ea6",
        "version" : "0.8.0"
      }
    },
    {
      "identity" : "swift-markdown",
      "kind" : "remoteSourceControl",
      "location" : "https://github.com/swiftlang/swift-markdown.git",
      "state" : {
        "revision" : "3c6f9523da3a1ec2fd829673e472d95b8097a3b8",
        "version" : "0.8.0"
      }
    },
    {
      "identity" : "vinculum",
      "kind" : "remoteSourceControl",
      "location" : "https://github.com/2389-research/Vinculum.git",
      "state" : {
        "revision" : "e83b68ff7b4c78474c83f98d9dd3dedf5cb4e96a",
        "version" : "1.4.1"
      }
    }
  ],
  "version" : 3
}
